
Microsoft Visual Studio Solution File, Format Version 12.00
# Visual Studio 15
VisualStudioVersion = 15.0.27130.2027
MinimumVisualStudioVersion = 10.0.40219.1
Project("{FAE04EC0-301F-11D3-BF4B-00C04F79EFBC}") = "AvoidBranching", "OOTraining\AvoidBranching.csproj", "{4D746C4D-EA15-43B5-8D62-AB593FE0288C}"
EndProject
Project("{FAE04EC0-301F-11D3-BF4B-00C04F79EFBC}") = "IteratorDemo", "IteratorDemo\IteratorDemo.csproj", "{BEBF68EA-F8DA-4775-91D8-9134715CDE81}"
EndProject
Project("{FAE04EC0-301F-11D3-BF4B-00C04F79EFBC}") = "SpecialCaseDemo", "SpecialCaseDemo\SpecialCaseDemo.csproj", "{247F462F-70CD-4363-B380-E3B95F8136EF}"
EndProject
Project("{FAE04EC0-301F-11D3-BF4B-00C04F79EFBC}") = "AutofacSamples", "AutofacSamples\AutofacSamples.csproj", "{B363E4E6-8C32-4287-8E94-D52FCD2F6BA7}"
EndProject
Global
	GlobalSection(SolutionConfigurationPlatforms) = preSolution
		Debug|Any CPU = Debug|Any CPU
		Release|Any CPU = Release|Any CPU
	EndGlobalSection
	GlobalSection(ProjectConfigurationPlatforms) = postSolution
		{4D746C4D-EA15-43B5-8D62-AB593FE0288C}.Debug|Any CPU.ActiveCfg = Debug|Any CPU
		{4D746C4D-EA15-43B5-8D62-AB593FE0288C}.Debug|Any CPU.Build.0 = Debug|Any CPU
		{4D746C4D-EA15-43B5-8D62-AB593FE0288C}.Release|Any CPU.ActiveCfg = Release|Any CPU
		{4D746C4D-EA15-43B5-8D62-AB593FE0288C}.Release|Any CPU.Build.0 = Release|Any CPU
		{BEBF68EA-F8DA-4775-91D8-9134715CDE81}.Debug|Any CPU.ActiveCfg = Debug|Any CPU
		{BEBF68EA-F8DA-4775-91D8-9134715CDE81}.Debug|Any CPU.Build.0 = Debug|Any CPU
		{BEBF68EA-F8DA-4775-91D8-9134715CDE81}.Release|Any CPU.ActiveCfg = Release|Any CPU
		{BEBF68EA-F8DA-4775-91D8-9134715CDE81}.Release|Any CPU.Build.0 = Release|Any CPU
		{247F462F-70CD-4363-B380-E3B95F8136EF}.Debug|Any CPU.ActiveCfg = Debug|Any CPU
		{247F462F-70CD-4363-B380-E3B95F8136EF}.Debug|Any CPU.Build.0 = Debug|Any CPU
		{247F462F-70CD-4363-B380-E3B95F8136EF}.Release|Any CPU.ActiveCfg = Release|Any CPU
		{247F462F-70CD-4363-B380-E3B95F8136EF}.Release|Any CPU.Build.0 = Release|Any CPU
		{B363E4E6-8C32-4287-8E94-D52FCD2F6BA7}.Debug|Any CPU.ActiveCfg = Debug|Any CPU
		{B363E4E6-8C32-4287-8E94-D52FCD2F6BA7}.Debug|Any CPU.Build.0 = Debug|Any CPU
		{B363E4E6-8C32-4287-8E94-D52FCD2F6BA7}.Release|Any CPU.ActiveCfg = Release|Any CPU
		{B363E4E6-8C32-4287-8E94-D52FCD2F6BA7}.Release|Any CPU.Build.0 = Release|Any CPU
	EndGlobalSection
	GlobalSection(SolutionProperties) = preSolution
		HideSolutionNode = FALSE
	EndGlobalSection
	GlobalSection(ExtensibilityGlobals) = postSolution
		SolutionGuid = {77C656D4-DECC-4796-A77C-2DFE82827D8C}
	EndGlobalSection
EndGlobal
